// !$*UTF8*$!
{
	archiveVersion = 1;
	classes = {
	};
	objectVersion = 46;
	objects = {

/* Begin PBXBuildFile section */
		EF7A91961C7ECE8A009A0407 /* FDFeedsViewModel.m in Sources */ = {isa = PBXBuildFile; fileRef = EF7A91951C7ECE8A009A0407 /* FDFeedsViewModel.m */; };
		EF7A91991C7ED103009A0407 /* FDFeedsTextCell.m in Sources */ = {isa = PBXBuildFile; fileRef = EF7A91981C7ED103009A0407 /* FDFeedsTextCell.m */; };
		EF7A919C1C7EDA4F009A0407 /* Main_Loading@2x.png in Resources */ = {isa = PBXBuildFile; fileRef = EF7A919A1C7EDA4F009A0407 /* Main_Loading@2x.png */; };
		EF7A919D1C7EDA4F009A0407 /* Main_Loading@3x.png in Resources */ = {isa = PBXBuildFile; fileRef = EF7A919B1C7EDA4F009A0407 /* Main_Loading@3x.png */; };
		EF7A91A11C7EE652009A0407 /* UISegmentedControl+Helper.m in Sources */ = {isa = PBXBuildFile; fileRef = EF7A91A01C7EE652009A0407 /* UISegmentedControl+Helper.m */; };
		EFAAC6DE1C7D8C9F00369344 /* Main_Background@2x.png in Resources */ = {isa = PBXBuildFile; fileRef = EFAAC6DC1C7D8C9F00369344 /* Main_Background@2x.png */; };
		EFAAC6DF1C7D8C9F00369344 /* Main_Background@3x.png in Resources */ = {isa = PBXBuildFile; fileRef = EFAAC6DD1C7D8C9F00369344 /* Main_Background@3x.png */; };
		EFAAC6E41C7D981400369344 /* Welcome_Sina@2x.png in Resources */ = {isa = PBXBuildFile; fileRef = EFAAC6E01C7D981400369344 /* Welcome_Sina@2x.png */; };
		EFAAC6E51C7D981400369344 /* Welcome_Sina@3x.png in Resources */ = {isa = PBXBuildFile; fileRef = EFAAC6E11C7D981400369344 /* Welcome_Sina@3x.png */; };
		EFAAC6E61C7D981400369344 /* Welcome_WeChat@2x.png in Resources */ = {isa = PBXBuildFile; fileRef = EFAAC6E21C7D981400369344 /* Welcome_WeChat@2x.png */; };
		EFAAC6E71C7D981400369344 /* Welcome_WeChat@3x.png in Resources */ = {isa = PBXBuildFile; fileRef = EFAAC6E31C7D981400369344 /* Welcome_WeChat@3x.png */; };
		EFAAC6EB1C7D9A0E00369344 /* FDFeedsViewController.m in Sources */ = {isa = PBXBuildFile; fileRef = EFAAC6EA1C7D9A0E00369344 /* FDFeedsViewController.m */; };
		EFAAC6EE1C7D9A6300369344 /* FDFeedsCell.m in Sources */ = {isa = PBXBuildFile; fileRef = EFAAC6ED1C7D9A6300369344 /* FDFeedsCell.m */; };
		EFAAC6F21C7D9DB300369344 /* Feeds_Collect@2x.png in Resources */ = {isa = PBXBuildFile; fileRef = EFAAC6F01C7D9DB300369344 /* Feeds_Collect@2x.png */; };
		EFAAC6F31C7D9DB300369344 /* Feeds_Collect@3x.png in Resources */ = {isa = PBXBuildFile; fileRef = EFAAC6F11C7D9DB300369344 /* Feeds_Collect@3x.png */; };
		EFAAC6F61C7DA00600369344 /* FDFeed.m in Sources */ = {isa = PBXBuildFile; fileRef = EFAAC6F51C7DA00600369344 /* FDFeed.m */; };
		EFAAC6F91C7DA2C200369344 /* FDStar.m in Sources */ = {isa = PBXBuildFile; fileRef = EFAAC6F81C7DA2C200369344 /* FDStar.m */; };
		EFAAC6FC1C7DE6EC00369344 /* Feeds_Avatar_Placeholder@2x.png in Resources */ = {isa = PBXBuildFile; fileRef = EFAAC6FA1C7DE6EC00369344 /* Feeds_Avatar_Placeholder@2x.png */; };
		EFAAC6FD1C7DE6EC00369344 /* Feeds_Avatar_Placeholder@3x.png in Resources */ = {isa = PBXBuildFile; fileRef = EFAAC6FB1C7DE6EC00369344 /* Feeds_Avatar_Placeholder@3x.png */; };
		EFAAC7001C7DE7E900369344 /* FDDateFormatter.m in Sources */ = {isa = PBXBuildFile; fileRef = EFAAC6FF1C7DE7E900369344 /* FDDateFormatter.m */; };
		EFFC29811C79FEC1004D590C /* main.m in Sources */ = {isa = PBXBuildFile; fileRef = EFFC29801C79FEC1004D590C /* main.m */; };
		EFFC29841C79FEC1004D590C /* AppDelegate.m in Sources */ = {isa = PBXBuildFile; fileRef = EFFC29831C79FEC1004D590C /* AppDelegate.m */; };
		EFFC298A1C79FEC1004D590C /* Main.storyboard in Resources */ = {isa = PBXBuildFile; fileRef = EFFC29881C79FEC1004D590C /* Main.storyboard */; };
		EFFC298C1C79FEC1004D590C /* Assets.xcassets in Resources */ = {isa = PBXBuildFile; fileRef = EFFC298B1C79FEC1004D590C /* Assets.xcassets */; };
		EFFC298F1C79FEC1004D590C /* LaunchScreen.storyboard in Resources */ = {isa = PBXBuildFile; fileRef = EFFC298D1C79FEC1004D590C /* LaunchScreen.storyboard */; };
		EFFC29A11C7A0482004D590C /* FDBaseViewController.m in Sources */ = {isa = PBXBuildFile; fileRef = EFFC29A01C7A0482004D590C /* FDBaseViewController.m */; };
		EFFC29A41C7A0540004D590C /* FDBarButtonItem.m in Sources */ = {isa = PBXBuildFile; fileRef = EFFC29A31C7A0540004D590C /* FDBarButtonItem.m */; };
		EFFC29A91C7A0888004D590C /* FDNavigationController.m in Sources */ = {isa = PBXBuildFile; fileRef = EFFC29A81C7A0888004D590C /* FDNavigationController.m */; };
		EFFC29AC1C7A08CD004D590C /* FDBaseViewModel.m in Sources */ = {isa = PBXBuildFile; fileRef = EFFC29AB1C7A08CD004D590C /* FDBaseViewModel.m */; };
		EFFC29AF1C7A08F2004D590C /* FDBaseCell.m in Sources */ = {isa = PBXBuildFile; fileRef = EFFC29AE1C7A08F2004D590C /* FDBaseCell.m */; };
		EFFC29B31C7ADD37004D590C /* FDNetworkEngine.m in Sources */ = {isa = PBXBuildFile; fileRef = EFFC29B21C7ADD37004D590C /* FDNetworkEngine.m */; };
		EFFC29B61C7AE39B004D590C /* api.plist in Resources */ = {isa = PBXBuildFile; fileRef = EFFC29B51C7AE39B004D590C /* api.plist */; };
		EFFC29BC1C7AEC7E004D590C /* FDWebService.m in Sources */ = {isa = PBXBuildFile; fileRef = EFFC29BB1C7AEC7E004D590C /* FDWebService.m */; };
		EFFC29C11C7AF52F004D590C /* FDAccountService.m in Sources */ = {isa = PBXBuildFile; fileRef = EFFC29C01C7AF52F004D590C /* FDAccountService.m */; };
		EFFC29C61C7B04DB004D590C /* FDTabBarController.m in Sources */ = {isa = PBXBuildFile; fileRef = EFFC29C51C7B04DB004D590C /* FDTabBarController.m */; };
		EFFC29C91C7B069C004D590C /* FDTabButton.m in Sources */ = {isa = PBXBuildFile; fileRef = EFFC29C81C7B069C004D590C /* FDTabButton.m */; };
		EFFC29CE1C7B0739004D590C /* UILabel+Helper.m in Sources */ = {isa = PBXBuildFile; fileRef = EFFC29CD1C7B0739004D590C /* UILabel+Helper.m */; };
		EFFC29D21C7C436B004D590C /* UIView+Helper.m in Sources */ = {isa = PBXBuildFile; fileRef = EFFC29D11C7C436B004D590C /* UIView+Helper.m */; };
		EFFC29D51C7C4967004D590C /* FDBaseTableViewController.m in Sources */ = {isa = PBXBuildFile; fileRef = EFFC29D41C7C4967004D590C /* FDBaseTableViewController.m */; };
		EFFC29D81C7C4A56004D590C /* FDRefreshHeader.m in Sources */ = {isa = PBXBuildFile; fileRef = EFFC29D71C7C4A56004D590C /* FDRefreshHeader.m */; };
		EFFC29DB1C7C4C26004D590C /* FDBaseModel.m in Sources */ = {isa = PBXBuildFile; fileRef = EFFC29DA1C7C4C26004D590C /* FDBaseModel.m */; };
		EFFC29DE1C7C4EC8004D590C /* FDBaseCollectionCell.m in Sources */ = {isa = PBXBuildFile; fileRef = EFFC29DD1C7C4EC8004D590C /* FDBaseCollectionCell.m */; };
		EFFC29E11C7C503A004D590C /* FDTextFieldCell.m in Sources */ = {isa = PBXBuildFile; fileRef = EFFC29E01C7C503A004D590C /* FDTextFieldCell.m */; };
		EFFC29E41C7C50A2004D590C /* UITextField+Helper.m in Sources */ = {isa = PBXBuildFile; fileRef = EFFC29E31C7C50A2004D590C /* UITextField+Helper.m */; };
		EFFC29E71C7C5223004D590C /* NSAttributedString+Helper.m in Sources */ = {isa = PBXBuildFile; fileRef = EFFC29E61C7C5223004D590C /* NSAttributedString+Helper.m */; };
		EFFC29EA1C7C525A004D590C /* UIWindow+Helper.m in Sources */ = {isa = PBXBuildFile; fileRef = EFFC29E91C7C525A004D590C /* UIWindow+Helper.m */; };
		EFFC29EE1C7C52EE004D590C /* FDValidater.m in Sources */ = {isa = PBXBuildFile; fileRef = EFFC29ED1C7C52EE004D590C /* FDValidater.m */; };
		EFFC29F21C7C5319004D590C /* FDCoding.m in Sources */ = {isa = PBXBuildFile; fileRef = EFFC29F11C7C5319004D590C /* FDCoding.m */; };
		EFFC29F61C7C534D004D590C /* FDAlert.m in Sources */ = {isa = PBXBuildFile; fileRef = EFFC29F51C7C534D004D590C /* FDAlert.m */; };
		EFFC29F91C7C53D2004D590C /* FDBaseCollectionViewController.m in Sources */ = {isa = PBXBuildFile; fileRef = EFFC29F81C7C53D2004D590C /* FDBaseCollectionViewController.m */; };
		EFFC29FC1C7C557D004D590C /* FDTextLabelCell.m in Sources */ = {isa = PBXBuildFile; fileRef = EFFC29FB1C7C557D004D590C /* FDTextLabelCell.m */; };
		EFFC29FF1C7C5617004D590C /* FDBaseStaticCellController.m in Sources */ = {isa = PBXBuildFile; fileRef = EFFC29FE1C7C5617004D590C /* FDBaseStaticCellController.m */; };
		EFFC2A021C7C56F3004D590C /* FDButton.m in Sources */ = {isa = PBXBuildFile; fileRef = EFFC2A011C7C56F3004D590C /* FDButton.m */; };
		EFFC2A091C7C5E4C004D590C /* FDWelcomeViewController.m in Sources */ = {isa = PBXBuildFile; fileRef = EFFC2A081C7C5E4C004D590C /* FDWelcomeViewController.m */; };
		EFFC2A0C1C7C785F004D590C /* FDTriangleView.m in Sources */ = {isa = PBXBuildFile; fileRef = EFFC2A0B1C7C785F004D590C /* FDTriangleView.m */; };
		EFFC2A251C7C8C64004D590C /* Tab_Day_Selected@2x.png in Resources */ = {isa = PBXBuildFile; fileRef = EFFC2A111C7C8C64004D590C /* Tab_Day_Selected@2x.png */; };
		EFFC2A261C7C8C64004D590C /* Tab_Day@2x.png in Resources */ = {isa = PBXBuildFile; fileRef = EFFC2A121C7C8C64004D590C /* Tab_Day@2x.png */; };
		EFFC2A271C7C8C64004D590C /* Tab_Day@3x.png in Resources */ = {isa = PBXBuildFile; fileRef = EFFC2A131C7C8C64004D590C /* Tab_Day@3x.png */; };
		EFFC2A281C7C8C64004D590C /* Tab_Feeds@2x.png in Resources */ = {isa = PBXBuildFile; fileRef = EFFC2A141C7C8C64004D590C /* Tab_Feeds@2x.png */; };
		EFFC2A291C7C8C64004D590C /* Tab_Feeds@3x.png in Resources */ = {isa = PBXBuildFile; fileRef = EFFC2A151C7C8C64004D590C /* Tab_Feeds@3x.png */; };
		EFFC2A2A1C7C8C64004D590C /* Tab_Find@2x.png in Resources */ = {isa = PBXBuildFile; fileRef = EFFC2A161C7C8C64004D590C /* Tab_Find@2x.png */; };
		EFFC2A2B1C7C8C64004D590C /* Tab_Find@3x.png in Resources */ = {isa = PBXBuildFile; fileRef = EFFC2A171C7C8C64004D590C /* Tab_Find@3x.png */; };
		EFFC2A2C1C7C8C64004D590C /* Tab_Follow_Selected@3x.png in Resources */ = {isa = PBXBuildFile; fileRef = EFFC2A181C7C8C64004D590C /* Tab_Follow_Selected@3x.png */; };
		EFFC2A2D1C7C8C64004D590C /* Tab_Day_Selected@3x.png in Resources */ = {isa = PBXBuildFile; fileRef = EFFC2A191C7C8C64004D590C /* Tab_Day_Selected@3x.png */; };
		EFFC2A2E1C7C8C64004D590C /* Tab_Follow@2x.png in Resources */ = {isa = PBXBuildFile; fileRef = EFFC2A1A1C7C8C64004D590C /* Tab_Follow@2x.png */; };
		EFFC2A2F1C7C8C64004D590C /* Tab_Follow@3x.png in Resources */ = {isa = PBXBuildFile; fileRef = EFFC2A1B1C7C8C64004D590C /* Tab_Follow@3x.png */; };
		EFFC2A301C7C8C64004D590C /* Tab_Me_Selected@2x.png in Resources */ = {isa = PBXBuildFile; fileRef = EFFC2A1C1C7C8C64004D590C /* Tab_Me_Selected@2x.png */; };
		EFFC2A311C7C8C64004D590C /* Tab_Feeds_Selected@3x.png in Resources */ = {isa = PBXBuildFile; fileRef = EFFC2A1D1C7C8C64004D590C /* Tab_Feeds_Selected@3x.png */; };
		EFFC2A321C7C8C64004D590C /* Tab_Find_Selected@2x.png in Resources */ = {isa = PBXBuildFile; fileRef = EFFC2A1E1C7C8C64004D590C /* Tab_Find_Selected@2x.png */; };
		EFFC2A331C7C8C64004D590C /* Tab_Feeds_Selected@2x.png in Resources */ = {isa = PBXBuildFile; fileRef = EFFC2A1F1C7C8C64004D590C /* Tab_Feeds_Selected@2x.png */; };
		EFFC2A341C7C8C64004D590C /* Tab_Find_Selected@3x.png in Resources */ = {isa = PBXBuildFile; fileRef = EFFC2A201C7C8C64004D590C /* Tab_Find_Selected@3x.png */; };
		EFFC2A351C7C8C64004D590C /* Tab_Follow_Selected@2x.png in Resources */ = {isa = PBXBuildFile; fileRef = EFFC2A211C7C8C64004D590C /* Tab_Follow_Selected@2x.png */; };
		EFFC2A361C7C8C64004D590C /* Tab_Me_Selected@3x.png in Resources */ = {isa = PBXBuildFile; fileRef = EFFC2A221C7C8C64004D590C /* Tab_Me_Selected@3x.png */; };
		EFFC2A371C7C8C64004D590C /* Tab_Me@2x.png in Resources */ = {isa = PBXBuildFile; fileRef = EFFC2A231C7C8C64004D590C /* Tab_Me@2x.png */; };
		EFFC2A381C7C8C64004D590C /* Tab_Me@3x.png in Resources */ = {isa = PBXBuildFile; fileRef = EFFC2A241C7C8C64004D590C /* Tab_Me@3x.png */; };
		F211A4770B8A231EE61FBDE4 /* libPods-maruko.a in Frameworks */ = {isa = PBXBuildFile; fileRef = 1B14442592AB4D2EA4140032 /* libPods-maruko.a */; };
/* End PBXBuildFile section */

/* Begin PBXFileReference section */
		1B14442592AB4D2EA4140032 /* libPods-maruko.a */ = {isa = PBXFileReference; explicitFileType = archive.ar; includeInIndex = 0; path = "libPods-maruko.a"; sourceTree = BUILT_PRODUCTS_DIR; };
		6F0F877780EC1E182FBB67DE /* Pods-maruko.debug.xcconfig */ = {isa = PBXFileReference; includeInIndex = 1; lastKnownFileType = text.xcconfig; name = "Pods-maruko.debug.xcconfig"; path = "Pods/Target Support Files/Pods-maruko/Pods-maruko.debug.xcconfig"; sourceTree = "<group>"; };
		AC95B59801ECEDC0D4903A61 /* Pods-maruko.release.xcconfig */ = {isa = PBXFileReference; includeInIndex = 1; lastKnownFileType = text.xcconfig; name = "Pods-maruko.release.xcconfig"; path = "Pods/Target Support Files/Pods-maruko/Pods-maruko.release.xcconfig"; sourceTree = "<group>"; };
		EF7A91941C7ECE8A009A0407 /* FDFeedsViewModel.h */ = {isa = PBXFileReference; fileEncoding = 4; lastKnownFileType = sourcecode.c.h; path = FDFeedsViewModel.h; sourceTree = "<group>"; };
		EF7A91951C7ECE8A009A0407 /* FDFeedsViewModel.m */ = {isa = PBXFileReference; fileEncoding = 4; lastKnownFileType = sourcecode.c.objc; path = FDFeedsViewModel.m; sourceTree = "<group>"; };
		EF7A91971C7ED103009A0407 /* FDFeedsTextCell.h */ = {isa = PBXFileReference; fileEncoding = 4; lastKnownFileType = sourcecode.c.h; path = FDFeedsTextCell.h; sourceTree = "<group>"; };
		EF7A91981C7ED103009A0407 /* FDFeedsTextCell.m */ = {isa = PBXFileReference; fileEncoding = 4; lastKnownFileType = sourcecode.c.objc; path = FDFeedsTextCell.m; sourceTree = "<group>"; };
		EF7A919A1C7EDA4F009A0407 /* Main_Loading@2x.png */ = {isa = PBXFileReference; lastKnownFileType = image.png; name = "Main_Loading@2x.png"; path = "Arts/Main_Loading@2x.png"; sourceTree = "<group>"; };
		EF7A919B1C7EDA4F009A0407 /* Main_Loading@3x.png */ = {isa = PBXFileReference; lastKnownFileType = image.png; name = "Main_Loading@3x.png"; path = "Arts/Main_Loading@3x.png"; sourceTree = "<group>"; };
		EF7A919F1C7EE652009A0407 /* UISegmentedControl+Helper.h */ = {isa = PBXFileReference; fileEncoding = 4; lastKnownFileType = sourcecode.c.h; path = "UISegmentedControl+Helper.h"; sourceTree = "<group>"; };
		EF7A91A01C7EE652009A0407 /* UISegmentedControl+Helper.m */ = {isa = PBXFileReference; fileEncoding = 4; lastKnownFileType = sourcecode.c.objc; path = "UISegmentedControl+Helper.m"; sourceTree = "<group>"; };
		EFAAC6DC1C7D8C9F00369344 /* Main_Background@2x.png */ = {isa = PBXFileReference; lastKnownFileType = image.png; name = "Main_Background@2x.png"; path = "Arts/Main_Background@2x.png"; sourceTree = "<group>"; };
		EFAAC6DD1C7D8C9F00369344 /* Main_Background@3x.png */ = {isa = PBXFileReference; lastKnownFileType = image.png; name = "Main_Background@3x.png"; path = "Arts/Main_Background@3x.png"; sourceTree = "<group>"; };
		EFAAC6E01C7D981400369344 /* Welcome_Sina@2x.png */ = {isa = PBXFileReference; lastKnownFileType = image.png; name = "Welcome_Sina@2x.png"; path = "Arts/Welcome_Sina@2x.png"; sourceTree = "<group>"; };
		EFAAC6E11C7D981400369344 /* Welcome_Sina@3x.png */ = {isa = PBXFileReference; lastKnownFileType = image.png; name = "Welcome_Sina@3x.png"; path = "Arts/Welcome_Sina@3x.png"; sourceTree = "<group>"; };
		EFAAC6E21C7D981400369344 /* Welcome_WeChat@2x.png */ = {isa = PBXFileReference; lastKnownFileType = image.png; name = "Welcome_WeChat@2x.png"; path = "Arts/Welcome_WeChat@2x.png"; sourceTree = "<group>"; };
		EFAAC6E31C7D981400369344 /* Welcome_WeChat@3x.png */ = {isa = PBXFileReference; lastKnownFileType = image.png; name = "Welcome_WeChat@3x.png"; path = "Arts/Welcome_WeChat@3x.png"; sourceTree = "<group>"; };
		EFAAC6E91C7D9A0E00369344 /* FDFeedsViewController.h */ = {isa = PBXFileReference; fileEncoding = 4; lastKnownFileType = sourcecode.c.h; path = FDFeedsViewController.h; sourceTree = "<group>"; };
		EFAAC6EA1C7D9A0E00369344 /* FDFeedsViewController.m */ = {isa = PBXFileReference; fileEncoding = 4; lastKnownFileType = sourcecode.c.objc; path = FDFeedsViewController.m; sourceTree = "<group>"; };
		EFAAC6EC1C7D9A6300369344 /* FDFeedsCell.h */ = {isa = PBXFileReference; fileEncoding = 4; lastKnownFileType = sourcecode.c.h; path = FDFeedsCell.h; sourceTree = "<group>"; };
		EFAAC6ED1C7D9A6300369344 /* FDFeedsCell.m */ = {isa = PBXFileReference; fileEncoding = 4; lastKnownFileType = sourcecode.c.objc; path = FDFeedsCell.m; sourceTree = "<group>"; };
		EFAAC6F01C7D9DB300369344 /* Feeds_Collect@2x.png */ = {isa = PBXFileReference; lastKnownFileType = image.png; name = "Feeds_Collect@2x.png"; path = "Arts/Feeds_Collect@2x.png"; sourceTree = "<group>"; };
		EFAAC6F11C7D9DB300369344 /* Feeds_Collect@3x.png */ = {isa = PBXFileReference; lastKnownFileType = image.png; name = "Feeds_Collect@3x.png"; path = "Arts/Feeds_Collect@3x.png"; sourceTree = "<group>"; };
		EFAAC6F41C7DA00600369344 /* FDFeed.h */ = {isa = PBXFileReference; fileEncoding = 4; lastKnownFileType = sourcecode.c.h; path = FDFeed.h; sourceTree = "<group>"; };
		EFAAC6F51C7DA00600369344 /* FDFeed.m */ = {isa = PBXFileReference; fileEncoding = 4; lastKnownFileType = sourcecode.c.objc; path = FDFeed.m; sourceTree = "<group>"; };
		EFAAC6F71C7DA2C200369344 /* FDStar.h */ = {isa = PBXFileReference; fileEncoding = 4; lastKnownFileType = sourcecode.c.h; path = FDStar.h; sourceTree = "<group>"; };
		EFAAC6F81C7DA2C200369344 /* FDStar.m */ = {isa = PBXFileReference; fileEncoding = 4; lastKnownFileType = sourcecode.c.objc; path = FDStar.m; sourceTree = "<group>"; };
		EFAAC6FA1C7DE6EC00369344 /* Feeds_Avatar_Placeholder@2x.png */ = {isa = PBXFileReference; lastKnownFileType = image.png; name = "Feeds_Avatar_Placeholder@2x.png"; path = "Arts/Feeds_Avatar_Placeholder@2x.png"; sourceTree = "<group>"; };
		EFAAC6FB1C7DE6EC00369344 /* Feeds_Avatar_Placeholder@3x.png */ = {isa = PBXFileReference; lastKnownFileType = image.png; name = "Feeds_Avatar_Placeholder@3x.png"; path = "Arts/Feeds_Avatar_Placeholder@3x.png"; sourceTree = "<group>"; };
		EFAAC6FE1C7DE7E900369344 /* FDDateFormatter.h */ = {isa = PBXFileReference; fileEncoding = 4; lastKnownFileType = sourcecode.c.h; path = FDDateFormatter.h; sourceTree = "<group>"; };
		EFAAC6FF1C7DE7E900369344 /* FDDateFormatter.m */ = {isa = PBXFileReference; fileEncoding = 4; lastKnownFileType = sourcecode.c.objc; path = FDDateFormatter.m; sourceTree = "<group>"; };
		EFFC297C1C79FEC1004D590C /* maruko.app */ = {isa = PBXFileReference; explicitFileType = wrapper.application; includeInIndex = 0; path = maruko.app; sourceTree = BUILT_PRODUCTS_DIR; };
		EFFC29801C79FEC1004D590C /* main.m */ = {isa = PBXFileReference; lastKnownFileType = sourcecode.c.objc; path = main.m; sourceTree = "<group>"; };
		EFFC29821C79FEC1004D590C /* AppDelegate.h */ = {isa = PBXFileReference; lastKnownFileType = sourcecode.c.h; path = AppDelegate.h; sourceTree = "<group>"; };
		EFFC29831C79FEC1004D590C /* AppDelegate.m */ = {isa = PBXFileReference; lastKnownFileType = sourcecode.c.objc; path = AppDelegate.m; sourceTree = "<group>"; };
		EFFC29891C79FEC1004D590C /* Base */ = {isa = PBXFileReference; lastKnownFileType = file.storyboard; name = Base; path = Base.lproj/Main.storyboard; sourceTree = "<group>"; };
		EFFC298B1C79FEC1004D590C /* Assets.xcassets */ = {isa = PBXFileReference; lastKnownFileType = folder.assetcatalog; path = Assets.xcassets; sourceTree = "<group>"; };
		EFFC298E1C79FEC1004D590C /* Base */ = {isa = PBXFileReference; lastKnownFileType = file.storyboard; name = Base; path = Base.lproj/LaunchScreen.storyboard; sourceTree = "<group>"; };
		EFFC29901C79FEC1004D590C /* Info.plist */ = {isa = PBXFileReference; lastKnownFileType = text.plist.xml; path = Info.plist; sourceTree = "<group>"; };
		EFFC299F1C7A0482004D590C /* FDBaseViewController.h */ = {isa = PBXFileReference; fileEncoding = 4; lastKnownFileType = sourcecode.c.h; path = FDBaseViewController.h; sourceTree = "<group>"; };
		EFFC29A01C7A0482004D590C /* FDBaseViewController.m */ = {isa = PBXFileReference; fileEncoding = 4; lastKnownFileType = sourcecode.c.objc; path = FDBaseViewController.m; sourceTree = "<group>"; };
		EFFC29A21C7A0540004D590C /* FDBarButtonItem.h */ = {isa = PBXFileReference; fileEncoding = 4; lastKnownFileType = sourcecode.c.h; path = FDBarButtonItem.h; sourceTree = "<group>"; };
		EFFC29A31C7A0540004D590C /* FDBarButtonItem.m */ = {isa = PBXFileReference; fileEncoding = 4; lastKnownFileType = sourcecode.c.objc; path = FDBarButtonItem.m; sourceTree = "<group>"; };
		EFFC29A61C7A0717004D590C /* ColorSheet.h */ = {isa = PBXFileReference; lastKnownFileType = sourcecode.c.h; path = ColorSheet.h; sourceTree = "<group>"; };
		EFFC29A71C7A0888004D590C /* FDNavigationController.h */ = {isa = PBXFileReference; fileEncoding = 4; lastKnownFileType = sourcecode.c.h; path = FDNavigationController.h; sourceTree = "<group>"; };
		EFFC29A81C7A0888004D590C /* FDNavigationController.m */ = {isa = PBXFileReference; fileEncoding = 4; lastKnownFileType = sourcecode.c.objc; path = FDNavigationController.m; sourceTree = "<group>"; };
		EFFC29AA1C7A08CD004D590C /* FDBaseViewModel.h */ = {isa = PBXFileReference; fileEncoding = 4; lastKnownFileType = sourcecode.c.h; path = FDBaseViewModel.h; sourceTree = "<group>"; };
		EFFC29AB1C7A08CD004D590C /* FDBaseViewModel.m */ = {isa = PBXFileReference; fileEncoding = 4; lastKnownFileType = sourcecode.c.objc; path = FDBaseViewModel.m; sourceTree = "<group>"; };
		EFFC29AD1C7A08F2004D590C /* FDBaseCell.h */ = {isa = PBXFileReference; fileEncoding = 4; lastKnownFileType = sourcecode.c.h; path = FDBaseCell.h; sourceTree = "<group>"; };
		EFFC29AE1C7A08F2004D590C /* FDBaseCell.m */ = {isa = PBXFileReference; fileEncoding = 4; lastKnownFileType = sourcecode.c.objc; path = FDBaseCell.m; sourceTree = "<group>"; };
		EFFC29B11C7ADD37004D590C /* FDNetworkEngine.h */ = {isa = PBXFileReference; fileEncoding = 4; lastKnownFileType = sourcecode.c.h; path = FDNetworkEngine.h; sourceTree = "<group>"; };
		EFFC29B21C7ADD37004D590C /* FDNetworkEngine.m */ = {isa = PBXFileReference; fileEncoding = 4; lastKnownFileType = sourcecode.c.objc; path = FDNetworkEngine.m; sourceTree = "<group>"; };
		EFFC29B51C7AE39B004D590C /* api.plist */ = {isa = PBXFileReference; fileEncoding = 4; lastKnownFileType = text.plist.xml; path = api.plist; sourceTree = "<group>"; };
		EFFC29B81C7AE8FF004D590C /* Marcos.h */ = {isa = PBXFileReference; lastKnownFileType = sourcecode.c.h; path = Marcos.h; sourceTree = "<group>"; };
		EFFC29B91C7AE923004D590C /* LayoutSheet.h */ = {isa = PBXFileReference; lastKnownFileType = sourcecode.c.h; path = LayoutSheet.h; sourceTree = "<group>"; };
		EFFC29BA1C7AEC7E004D590C /* FDWebService.h */ = {isa = PBXFileReference; fileEncoding = 4; lastKnownFileType = sourcecode.c.h; path = FDWebService.h; sourceTree = "<group>"; };
		EFFC29BB1C7AEC7E004D590C /* FDWebService.m */ = {isa = PBXFileReference; fileEncoding = 4; lastKnownFileType = sourcecode.c.objc; path = FDWebService.m; sourceTree = "<group>"; };
		EFFC29BD1C7AEE17004D590C /* KeyValueSheet.h */ = {isa = PBXFileReference; lastKnownFileType = sourcecode.c.h; path = KeyValueSheet.h; sourceTree = "<group>"; };
		EFFC29BE1C7AF3B0004D590C /* Notifications.h */ = {isa = PBXFileReference; lastKnownFileType = sourcecode.c.h; path = Notifications.h; sourceTree = "<group>"; };
		EFFC29BF1C7AF52F004D590C /* FDAccountService.h */ = {isa = PBXFileReference; fileEncoding = 4; lastKnownFileType = sourcecode.c.h; path = FDAccountService.h; sourceTree = "<group>"; };
		EFFC29C01C7AF52F004D590C /* FDAccountService.m */ = {isa = PBXFileReference; fileEncoding = 4; lastKnownFileType = sourcecode.c.objc; path = FDAccountService.m; sourceTree = "<group>"; };
		EFFC29C41C7B04DB004D590C /* FDTabBarController.h */ = {isa = PBXFileReference; fileEncoding = 4; lastKnownFileType = sourcecode.c.h; path = FDTabBarController.h; sourceTree = "<group>"; };
		EFFC29C51C7B04DB004D590C /* FDTabBarController.m */ = {isa = PBXFileReference; fileEncoding = 4; lastKnownFileType = sourcecode.c.objc; path = FDTabBarController.m; sourceTree = "<group>"; };
		EFFC29C71C7B069C004D590C /* FDTabButton.h */ = {isa = PBXFileReference; fileEncoding = 4; lastKnownFileType = sourcecode.c.h; path = FDTabButton.h; sourceTree = "<group>"; };
		EFFC29C81C7B069C004D590C /* FDTabButton.m */ = {isa = PBXFileReference; fileEncoding = 4; lastKnownFileType = sourcecode.c.objc; path = FDTabButton.m; sourceTree = "<group>"; };
		EFFC29CC1C7B0739004D590C /* UILabel+Helper.h */ = {isa = PBXFileReference; fileEncoding = 4; lastKnownFileType = sourcecode.c.h; path = "UILabel+Helper.h"; sourceTree = "<group>"; };
		EFFC29CD1C7B0739004D590C /* UILabel+Helper.m */ = {isa = PBXFileReference; fileEncoding = 4; lastKnownFileType = sourcecode.c.objc; path = "UILabel+Helper.m"; sourceTree = "<group>"; };
		EFFC29CF1C7B079A004D590C /* CategorySheet.h */ = {isa = PBXFileReference; lastKnownFileType = sourcecode.c.h; path = CategorySheet.h; sourceTree = "<group>"; };
		EFFC29D01C7C436B004D590C /* UIView+Helper.h */ = {isa = PBXFileReference; fileEncoding = 4; lastKnownFileType = sourcecode.c.h; path = "UIView+Helper.h"; sourceTree = "<group>"; };
		EFFC29D11C7C436B004D590C /* UIView+Helper.m */ = {isa = PBXFileReference; fileEncoding = 4; lastKnownFileType = sourcecode.c.objc; path = "UIView+Helper.m"; sourceTree = "<group>"; };
		EFFC29D31C7C4967004D590C /* FDBaseTableViewController.h */ = {isa = PBXFileReference; fileEncoding = 4; lastKnownFileType = sourcecode.c.h; path = FDBaseTableViewController.h; sourceTree = "<group>"; };
		EFFC29D41C7C4967004D590C /* FDBaseTableViewController.m */ = {isa = PBXFileReference; fileEncoding = 4; lastKnownFileType = sourcecode.c.objc; path = FDBaseTableViewController.m; sourceTree = "<group>"; };
		EFFC29D61C7C4A56004D590C /* FDRefreshHeader.h */ = {isa = PBXFileReference; fileEncoding = 4; lastKnownFileType = sourcecode.c.h; path = FDRefreshHeader.h; sourceTree = "<group>"; };
		EFFC29D71C7C4A56004D590C /* FDRefreshHeader.m */ = {isa = PBXFileReference; fileEncoding = 4; lastKnownFileType = sourcecode.c.objc; path = FDRefreshHeader.m; sourceTree = "<group>"; };
		EFFC29D91C7C4C26004D590C /* FDBaseModel.h */ = {isa = PBXFileReference; fileEncoding = 4; lastKnownFileType = sourcecode.c.h; path = FDBaseModel.h; sourceTree = "<group>"; };
		EFFC29DA1C7C4C26004D590C /* FDBaseModel.m */ = {isa = PBXFileReference; fileEncoding = 4; lastKnownFileType = sourcecode.c.objc; path = FDBaseModel.m; sourceTree = "<group>"; };
		EFFC29DC1C7C4EC8004D590C /* FDBaseCollectionCell.h */ = {isa = PBXFileReference; fileEncoding = 4; lastKnownFileType = sourcecode.c.h; path = FDBaseCollectionCell.h; sourceTree = "<group>"; };
		EFFC29DD1C7C4EC8004D590C /* FDBaseCollectionCell.m */ = {isa = PBXFileReference; fileEncoding = 4; lastKnownFileType = sourcecode.c.objc; path = FDBaseCollectionCell.m; sourceTree = "<group>"; };
		EFFC29DF1C7C503A004D590C /* FDTextFieldCell.h */ = {isa = PBXFileReference; fileEncoding = 4; lastKnownFileType = sourcecode.c.h; path = FDTextFieldCell.h; sourceTree = "<group>"; };
		EFFC29E01C7C503A004D590C /* FDTextFieldCell.m */ = {isa = PBXFileReference; fileEncoding = 4; lastKnownFileType = sourcecode.c.objc; path = FDTextFieldCell.m; sourceTree = "<group>"; };
		EFFC29E21C7C50A2004D590C /* UITextField+Helper.h */ = {isa = PBXFileReference; fileEncoding = 4; lastKnownFileType = sourcecode.c.h; path = "UITextField+Helper.h"; sourceTree = "<group>"; };
		EFFC29E31C7C50A2004D590C /* UITextField+Helper.m */ = {isa = PBXFileReference; fileEncoding = 4; lastKnownFileType = sourcecode.c.objc; path = "UITextField+Helper.m"; sourceTree = "<group>"; };
		EFFC29E51C7C5223004D590C /* NSAttributedString+Helper.h */ = {isa = PBXFileReference; fileEncoding = 4; lastKnownFileType = sourcecode.c.h; path = "NSAttributedString+Helper.h"; sourceTree = "<group>"; };
		EFFC29E61C7C5223004D590C /* NSAttributedString+Helper.m */ = {isa = PBXFileReference; fileEncoding = 4; lastKnownFileType = sourcecode.c.objc; path = "NSAttributedString+Helper.m"; sourceTree = "<group>"; };
		EFFC29E81C7C525A004D590C /* UIWindow+Helper.h */ = {isa = PBXFileReference; fileEncoding = 4; lastKnownFileType = sourcecode.c.h; path = "UIWindow+Helper.h"; sourceTree = "<group>"; };
		EFFC29E91C7C525A004D590C /* UIWindow+Helper.m */ = {isa = PBXFileReference; fileEncoding = 4; lastKnownFileType = sourcecode.c.objc; path = "UIWindow+Helper.m"; sourceTree = "<group>"; };
		EFFC29EC1C7C52EE004D590C /* FDValidater.h */ = {isa = PBXFileReference; fileEncoding = 4; lastKnownFileType = sourcecode.c.h; path = FDValidater.h; sourceTree = "<group>"; };
		EFFC29ED1C7C52EE004D590C /* FDValidater.m */ = {isa = PBXFileReference; fileEncoding = 4; lastKnownFileType = sourcecode.c.objc; path = FDValidater.m; sourceTree = "<group>"; };
		EFFC29F01C7C5319004D590C /* FDCoding.h */ = {isa = PBXFileReference; fileEncoding = 4; lastKnownFileType = sourcecode.c.h; path = FDCoding.h; sourceTree = "<group>"; };
		EFFC29F11C7C5319004D590C /* FDCoding.m */ = {isa = PBXFileReference; fileEncoding = 4; lastKnownFileType = sourcecode.c.objc; path = FDCoding.m; sourceTree = "<group>"; };
		EFFC29F41C7C534D004D590C /* FDAlert.h */ = {isa = PBXFileReference; fileEncoding = 4; lastKnownFileType = sourcecode.c.h; path = FDAlert.h; sourceTree = "<group>"; };
		EFFC29F51C7C534D004D590C /* FDAlert.m */ = {isa = PBXFileReference; fileEncoding = 4; lastKnownFileType = sourcecode.c.objc; path = FDAlert.m; sourceTree = "<group>"; };
		EFFC29F71C7C53D2004D590C /* FDBaseCollectionViewController.h */ = {isa = PBXFileReference; fileEncoding = 4; lastKnownFileType = sourcecode.c.h; path = FDBaseCollectionViewController.h; sourceTree = "<group>"; };
		EFFC29F81C7C53D2004D590C /* FDBaseCollectionViewController.m */ = {isa = PBXFileReference; fileEncoding = 4; lastKnownFileType = sourcecode.c.objc; path = FDBaseCollectionViewController.m; sourceTree = "<group>"; };
		EFFC29FA1C7C557D004D590C /* FDTextLabelCell.h */ = {isa = PBXFileReference; fileEncoding = 4; lastKnownFileType = sourcecode.c.h; path = FDTextLabelCell.h; sourceTree = "<group>"; };
		EFFC29FB1C7C557D004D590C /* FDTextLabelCell.m */ = {isa = PBXFileReference; fileEncoding = 4; lastKnownFileType = sourcecode.c.objc; path = FDTextLabelCell.m; sourceTree = "<group>"; };
		EFFC29FD1C7C5617004D590C /* FDBaseStaticCellController.h */ = {isa = PBXFileReference; fileEncoding = 4; lastKnownFileType = sourcecode.c.h; path = FDBaseStaticCellController.h; sourceTree = "<group>"; };
		EFFC29FE1C7C5617004D590C /* FDBaseStaticCellController.m */ = {isa = PBXFileReference; fileEncoding = 4; lastKnownFileType = sourcecode.c.objc; path = FDBaseStaticCellController.m; sourceTree = "<group>"; };
		EFFC2A001C7C56F3004D590C /* FDButton.h */ = {isa = PBXFileReference; fileEncoding = 4; lastKnownFileType = sourcecode.c.h; path = FDButton.h; sourceTree = "<group>"; };
		EFFC2A011C7C56F3004D590C /* FDButton.m */ = {isa = PBXFileReference; fileEncoding = 4; lastKnownFileType = sourcecode.c.objc; path = FDButton.m; sourceTree = "<group>"; };
		EFFC2A071C7C5E4C004D590C /* FDWelcomeViewController.h */ = {isa = PBXFileReference; fileEncoding = 4; lastKnownFileType = sourcecode.c.h; path = FDWelcomeViewController.h; sourceTree = "<group>"; };
		EFFC2A081C7C5E4C004D590C /* FDWelcomeViewController.m */ = {isa = PBXFileReference; fileEncoding = 4; lastKnownFileType = sourcecode.c.objc; path = FDWelcomeViewController.m; sourceTree = "<group>"; };
		EFFC2A0A1C7C785F004D590C /* FDTriangleView.h */ = {isa = PBXFileReference; fileEncoding = 4; lastKnownFileType = sourcecode.c.h; path = FDTriangleView.h; sourceTree = "<group>"; };
		EFFC2A0B1C7C785F004D590C /* FDTriangleView.m */ = {isa = PBXFileReference; fileEncoding = 4; lastKnownFileType = sourcecode.c.objc; path = FDTriangleView.m; sourceTree = "<group>"; };
		EFFC2A0E1C7C7952004D590C /* ComponentSheet.h */ = {isa = PBXFileReference; lastKnownFileType = sourcecode.c.h; path = ComponentSheet.h; sourceTree = "<group>"; };
		EFFC2A111C7C8C64004D590C /* Tab_Day_Selected@2x.png */ = {isa = PBXFileReference; lastKnownFileType = image.png; name = "Tab_Day_Selected@2x.png"; path = "Arts/Tab_Day_Selected@2x.png"; sourceTree = "<group>"; };
		EFFC2A121C7C8C64004D590C /* Tab_Day@2x.png */ = {isa = PBXFileReference; lastKnownFileType = image.png; name = "Tab_Day@2x.png"; path = "Arts/Tab_Day@2x.png"; sourceTree = "<group>"; };
		EFFC2A131C7C8C64004D590C /* Tab_Day@3x.png */ = {isa = PBXFileReference; lastKnownFileType = image.png; name = "Tab_Day@3x.png"; path = "Arts/Tab_Day@3x.png"; sourceTree = "<group>"; };
		EFFC2A141C7C8C64004D590C /* Tab_Feeds@2x.png */ = {isa = PBXFileReference; lastKnownFileType = image.png; name = "Tab_Feeds@2x.png"; path = "Arts/Tab_Feeds@2x.png"; sourceTree = "<group>"; };
		EFFC2A151C7C8C64004D590C /* Tab_Feeds@3x.png */ = {isa = PBXFileReference; lastKnownFileType = image.png; name = "Tab_Feeds@3x.png"; path = "Arts/Tab_Feeds@3x.png"; sourceTree = "<group>"; };
		EFFC2A161C7C8C64004D590C /* Tab_Find@2x.png */ = {isa = PBXFileReference; lastKnownFileType = image.png; name = "Tab_Find@2x.png"; path = "Arts/Tab_Find@2x.png"; sourceTree = "<group>"; };
		EFFC2A171C7C8C64004D590C /* Tab_Find@3x.png */ = {isa = PBXFileReference; lastKnownFileType = image.png; name = "Tab_Find@3x.png"; path = "Arts/Tab_Find@3x.png"; sourceTree = "<group>"; };
		EFFC2A181C7C8C64004D590C /* Tab_Follow_Selected@3x.png */ = {isa = PBXFileReference; lastKnownFileType = image.png; name = "Tab_Follow_Selected@3x.png"; path = "Arts/Tab_Follow_Selected@3x.png"; sourceTree = "<group>"; };
		EFFC2A191C7C8C64004D590C /* Tab_Day_Selected@3x.png */ = {isa = PBXFileReference; lastKnownFileType = image.png; name = "Tab_Day_Selected@3x.png"; path = "Arts/Tab_Day_Selected@3x.png"; sourceTree = "<group>"; };
		EFFC2A1A1C7C8C64004D590C /* Tab_Follow@2x.png */ = {isa = PBXFileReference; lastKnownFileType = image.png; name = "Tab_Follow@2x.png"; path = "Arts/Tab_Follow@2x.png"; sourceTree = "<group>"; };
		EFFC2A1B1C7C8C64004D590C /* Tab_Follow@3x.png */ = {isa = PBXFileReference; lastKnownFileType = image.png; name = "Tab_Follow@3x.png"; path = "Arts/Tab_Follow@3x.png"; sourceTree = "<group>"; };
		EFFC2A1C1C7C8C64004D590C /* Tab_Me_Selected@2x.png */ = {isa = PBXFileReference; lastKnownFileType = image.png; name = "Tab_Me_Selected@2x.png"; path = "Arts/Tab_Me_Selected@2x.png"; sourceTree = "<group>"; };
		EFFC2A1D1C7C8C64004D590C /* Tab_Feeds_Selected@3x.png */ = {isa = PBXFileReference; lastKnownFileType = image.png; name = "Tab_Feeds_Selected@3x.png"; path = "Arts/Tab_Feeds_Selected@3x.png"; sourceTree = "<group>"; };
		EFFC2A1E1C7C8C64004D590C /* Tab_Find_Selected@2x.png */ = {isa = PBXFileReference; lastKnownFileType = image.png; name = "Tab_Find_Selected@2x.png"; path = "Arts/Tab_Find_Selected@2x.png"; sourceTree = "<group>"; };
		EFFC2A1F1C7C8C64004D590C /* Tab_Feeds_Selected@2x.png */ = {isa = PBXFileReference; lastKnownFileType = image.png; name = "Tab_Feeds_Selected@2x.png"; path = "Arts/Tab_Feeds_Selected@2x.png"; sourceTree = "<group>"; };
		EFFC2A201C7C8C64004D590C /* Tab_Find_Selected@3x.png */ = {isa = PBXFileReference; lastKnownFileType = image.png; name = "Tab_Find_Selected@3x.png"; path = "Arts/Tab_Find_Selected@3x.png"; sourceTree = "<group>"; };
		EFFC2A211C7C8C64004D590C /* Tab_Follow_Selected@2x.png */ = {isa = PBXFileReference; lastKnownFileType = image.png; name = "Tab_Follow_Selected@2x.png"; path = "Arts/Tab_Follow_Selected@2x.png"; sourceTree = "<group>"; };
		EFFC2A221C7C8C64004D590C /* Tab_Me_Selected@3x.png */ = {isa = PBXFileReference; lastKnownFileType = image.png; name = "Tab_Me_Selected@3x.png"; path = "Arts/Tab_Me_Selected@3x.png"; sourceTree = "<group>"; };
		EFFC2A231C7C8C64004D590C /* Tab_Me@2x.png */ = {isa = PBXFileReference; lastKnownFileType = image.png; name = "Tab_Me@2x.png"; path = "Arts/Tab_Me@2x.png"; sourceTree = "<group>"; };
		EFFC2A241C7C8C64004D590C /* Tab_Me@3x.png */ = {isa = PBXFileReference; lastKnownFileType = image.png; name = "Tab_Me@3x.png"; path = "Arts/Tab_Me@3x.png"; sourceTree = "<group>"; };
/* End PBXFileReference section */

/* Begin PBXFrameworksBuildPhase section */
		EFFC29791C79FEC1004D590C /* Frameworks */ = {
			isa = PBXFrameworksBuildPhase;
			buildActionMask = 2147483647;
			files = (
				F211A4770B8A231EE61FBDE4 /* libPods-maruko.a in Frameworks */,
			);
			runOnlyForDeploymentPostprocessing = 0;
		};
/* End PBXFrameworksBuildPhase section */

/* Begin PBXGroup section */
		61C61276D69308D305873138 /* Pods */ = {
			isa = PBXGroup;
			children = (
				6F0F877780EC1E182FBB67DE /* Pods-maruko.debug.xcconfig */,
				AC95B59801ECEDC0D4903A61 /* Pods-maruko.release.xcconfig */,
			);
			name = Pods;
			sourceTree = "<group>";
		};
		8047E6A8AB133BD765A1C09C /* Frameworks */ = {
			isa = PBXGroup;
			children = (
				1B14442592AB4D2EA4140032 /* libPods-maruko.a */,
			);
			name = Frameworks;
			sourceTree = "<group>";
		};
		EF7A919E1C7EDA52009A0407 /* Main */ = {
			isa = PBXGroup;
			children = (
				EF7A919A1C7EDA4F009A0407 /* Main_Loading@2x.png */,
				EF7A919B1C7EDA4F009A0407 /* Main_Loading@3x.png */,
				EFAAC6DC1C7D8C9F00369344 /* Main_Background@2x.png */,
				EFAAC6DD1C7D8C9F00369344 /* Main_Background@3x.png */,
			);
			name = Main;
			sourceTree = "<group>";
		};
		EFAAC6E81C7D99F300369344 /* Feeds */ = {
			isa = PBXGroup;
			children = (
				EFAAC6EC1C7D9A6300369344 /* FDFeedsCell.h */,
				EFAAC6ED1C7D9A6300369344 /* FDFeedsCell.m */,
				EF7A91971C7ED103009A0407 /* FDFeedsTextCell.h */,
				EF7A91981C7ED103009A0407 /* FDFeedsTextCell.m */,
				EF7A91941C7ECE8A009A0407 /* FDFeedsViewModel.h */,
				EF7A91951C7ECE8A009A0407 /* FDFeedsViewModel.m */,
				EFAAC6E91C7D9A0E00369344 /* FDFeedsViewController.h */,
				EFAAC6EA1C7D9A0E00369344 /* FDFeedsViewController.m */,
			);
			name = Feeds;
			sourceTree = "<group>";
		};
		EFAAC6EF1C7D9DAC00369344 /* Feeds */ = {
			isa = PBXGroup;
			children = (
				EFAAC6FA1C7DE6EC00369344 /* Feeds_Avatar_Placeholder@2x.png */,
				EFAAC6FB1C7DE6EC00369344 /* Feeds_Avatar_Placeholder@3x.png */,
				EFAAC6F01C7D9DB300369344 /* Feeds_Collect@2x.png */,
				EFAAC6F11C7D9DB300369344 /* Feeds_Collect@3x.png */,
			);
			name = Feeds;
			sourceTree = "<group>";
		};
		EFAAC7011C7DE99800369344 /* DateFormatter */ = {
			isa = PBXGroup;
			children = (
				EFAAC6FE1C7DE7E900369344 /* FDDateFormatter.h */,
				EFAAC6FF1C7DE7E900369344 /* FDDateFormatter.m */,
			);
			name = DateFormatter;
			sourceTree = "<group>";
		};
		EFFC29731C79FEC1004D590C = {
			isa = PBXGroup;
			children = (
				EFFC297E1C79FEC1004D590C /* maruko */,
				EFFC297D1C79FEC1004D590C /* Products */,
				61C61276D69308D305873138 /* Pods */,
				8047E6A8AB133BD765A1C09C /* Frameworks */,
			);
			sourceTree = "<group>";
		};
		EFFC297D1C79FEC1004D590C /* Products */ = {
			isa = PBXGroup;
			children = (
				EFFC297C1C79FEC1004D590C /* maruko.app */,
			);
			name = Products;
			sourceTree = "<group>";
		};
		EFFC297E1C79FEC1004D590C /* maruko */ = {
			isa = PBXGroup;
			children = (
				EFFC2A0D1C7C78D9004D590C /* Marcos */,
				EFFC29971C7A0346004D590C /* Class */,
				EFFC29961C7A033E004D590C /* Resource */,
				EFFC297F1C79FEC1004D590C /* Supporting Files */,
			);
			path = maruko;
			sourceTree = "<group>";
		};
		EFFC297F1C79FEC1004D590C /* Supporting Files */ = {
			isa = PBXGroup;
			children = (
				EFFC29901C79FEC1004D590C /* Info.plist */,
				EFFC29801C79FEC1004D590C /* main.m */,
			);
			name = "Supporting Files";
			sourceTree = "<group>";
		};
		EFFC29961C7A033E004D590C /* Resource */ = {
			isa = PBXGroup;
			children = (
				EFFC29981C7A0358004D590C /* Arts */,
				EFFC298B1C79FEC1004D590C /* Assets.xcassets */,
				EFFC29881C79FEC1004D590C /* Main.storyboard */,
				EFFC298D1C79FEC1004D590C /* LaunchScreen.storyboard */,
			);
			name = Resource;
			sourceTree = "<group>";
		};
		EFFC29971C7A0346004D590C /* Class */ = {
			isa = PBXGroup;
			children = (
				EFFC2A051C7C5D97004D590C /* Features */,
				EFFC29CA1C7B0707004D590C /* Helper */,
				EFFC29B01C7ADD18004D590C /* WebService */,
				EFFC29A51C7A068A004D590C /* App */,
				EFFC29991C7A0368004D590C /* Base */,
			);
			name = Class;
			sourceTree = "<group>";
		};
		EFFC29981C7A0358004D590C /* Arts */ = {
			isa = PBXGroup;
			children = (
				EF7A919E1C7EDA52009A0407 /* Main */,
				EFAAC6EF1C7D9DAC00369344 /* Feeds */,
				EFFC2A101C7C8C58004D590C /* TabBar */,
				EFFC2A0F1C7C8160004D590C /* Welcome */,
			);
			name = Arts;
			sourceTree = "<group>";
		};
		EFFC29991C7A0368004D590C /* Base */ = {
			isa = PBXGroup;
			children = (
				EFFC299E1C7A03F9004D590C /* View */,
				EFFC299D1C7A03EA004D590C /* ViewModel */,
				EFFC299C1C7A03E1004D590C /* Controller */,
				EFFC299A1C7A037F004D590C /* Model */,
			);
			name = Base;
			sourceTree = "<group>";
		};
		EFFC299A1C7A037F004D590C /* Model */ = {
			isa = PBXGroup;
			children = (
				EFAAC6F71C7DA2C200369344 /* FDStar.h */,
				EFAAC6F81C7DA2C200369344 /* FDStar.m */,
				EFAAC6F41C7DA00600369344 /* FDFeed.h */,
				EFAAC6F51C7DA00600369344 /* FDFeed.m */,
				EFFC29D91C7C4C26004D590C /* FDBaseModel.h */,
				EFFC29DA1C7C4C26004D590C /* FDBaseModel.m */,
			);
			name = Model;
			sourceTree = "<group>";
		};
		EFFC299C1C7A03E1004D590C /* Controller */ = {
			isa = PBXGroup;
			children = (
				EFFC29C41C7B04DB004D590C /* FDTabBarController.h */,
				EFFC29C51C7B04DB004D590C /* FDTabBarController.m */,
				EFFC299F1C7A0482004D590C /* FDBaseViewController.h */,
				EFFC29A01C7A0482004D590C /* FDBaseViewController.m */,
				EFFC29A71C7A0888004D590C /* FDNavigationController.h */,
				EFFC29A81C7A0888004D590C /* FDNavigationController.m */,
				EFFC29D31C7C4967004D590C /* FDBaseTableViewController.h */,
				EFFC29D41C7C4967004D590C /* FDBaseTableViewController.m */,
				EFFC29FD1C7C5617004D590C /* FDBaseStaticCellController.h */,
				EFFC29FE1C7C5617004D590C /* FDBaseStaticCellController.m */,
				EFFC29F71C7C53D2004D590C /* FDBaseCollectionViewController.h */,
				EFFC29F81C7C53D2004D590C /* FDBaseCollectionViewController.m */,
			);
			name = Controller;
			sourceTree = "<group>";
		};
		EFFC299D1C7A03EA004D590C /* ViewModel */ = {
			isa = PBXGroup;
			children = (
				EFFC29AA1C7A08CD004D590C /* FDBaseViewModel.h */,
				EFFC29AB1C7A08CD004D590C /* FDBaseViewModel.m */,
			);
			name = ViewModel;
			sourceTree = "<group>";
		};
		EFFC299E1C7A03F9004D590C /* View */ = {
			isa = PBXGroup;
			children = (
				EFFC2A001C7C56F3004D590C /* FDButton.h */,
				EFFC2A011C7C56F3004D590C /* FDButton.m */,
				EFFC29AD1C7A08F2004D590C /* FDBaseCell.h */,
				EFFC29AE1C7A08F2004D590C /* FDBaseCell.m */,
				EFFC29C71C7B069C004D590C /* FDTabButton.h */,
				EFFC29C81C7B069C004D590C /* FDTabButton.m */,
				EFFC2A0A1C7C785F004D590C /* FDTriangleView.h */,
				EFFC2A0B1C7C785F004D590C /* FDTriangleView.m */,
				EFFC29DF1C7C503A004D590C /* FDTextFieldCell.h */,
				EFFC29E01C7C503A004D590C /* FDTextFieldCell.m */,
				EFFC29FA1C7C557D004D590C /* FDTextLabelCell.h */,
				EFFC29FB1C7C557D004D590C /* FDTextLabelCell.m */,
				EFFC29A21C7A0540004D590C /* FDBarButtonItem.h */,
				EFFC29A31C7A0540004D590C /* FDBarButtonItem.m */,
				EFFC29D61C7C4A56004D590C /* FDRefreshHeader.h */,
				EFFC29D71C7C4A56004D590C /* FDRefreshHeader.m */,
				EFFC29DC1C7C4EC8004D590C /* FDBaseCollectionCell.h */,
				EFFC29DD1C7C4EC8004D590C /* FDBaseCollectionCell.m */,
			);
			name = View;
			sourceTree = "<group>";
		};
		EFFC29A51C7A068A004D590C /* App */ = {
			isa = PBXGroup;
			children = (
				EFFC29B51C7AE39B004D590C /* api.plist */,
				EFFC29821C79FEC1004D590C /* AppDelegate.h */,
				EFFC29831C79FEC1004D590C /* AppDelegate.m */,
			);
			name = App;
			sourceTree = "<group>";
		};
		EFFC29B01C7ADD18004D590C /* WebService */ = {
			isa = PBXGroup;
			children = (
				EFFC29C31C7AF546004D590C /* Account */,
				EFFC29C21C7AF53B004D590C /* Base */,
				EFFC29B41C7ADD3B004D590C /* Engine */,
			);
			name = WebService;
			sourceTree = "<group>";
		};
		EFFC29B41C7ADD3B004D590C /* Engine */ = {
			isa = PBXGroup;
			children = (
				EFFC29B11C7ADD37004D590C /* FDNetworkEngine.h */,
				EFFC29B21C7ADD37004D590C /* FDNetworkEngine.m */,
			);
			name = Engine;
			sourceTree = "<group>";
		};
		EFFC29C21C7AF53B004D590C /* Base */ = {
			isa = PBXGroup;
			children = (
				EFFC29BA1C7AEC7E004D590C /* FDWebService.h */,
				EFFC29BB1C7AEC7E004D590C /* FDWebService.m */,
			);
			name = Base;
			sourceTree = "<group>";
		};
		EFFC29C31C7AF546004D590C /* Account */ = {
			isa = PBXGroup;
			children = (
				EFFC29BF1C7AF52F004D590C /* FDAccountService.h */,
				EFFC29C01C7AF52F004D590C /* FDAccountService.m */,
			);
			name = Account;
			sourceTree = "<group>";
		};
		EFFC29CA1C7B0707004D590C /* Helper */ = {
			isa = PBXGroup;
			children = (
				EFAAC7011C7DE99800369344 /* DateFormatter */,
				EFFC29F31C7C5340004D590C /* Alert */,
				EFFC29EF1C7C530E004D590C /* Coding */,
				EFFC29EB1C7C52D5004D590C /* Validater */,
				EFFC29CB1C7B070D004D590C /* Category */,
			);
			name = Helper;
			sourceTree = "<group>";
		};
		EFFC29CB1C7B070D004D590C /* Category */ = {
			isa = PBXGroup;
			children = (
				EFFC29D01C7C436B004D590C /* UIView+Helper.h */,
				EFFC29D11C7C436B004D590C /* UIView+Helper.m */,
				EFFC29CC1C7B0739004D590C /* UILabel+Helper.h */,
				EFFC29CD1C7B0739004D590C /* UILabel+Helper.m */,
				EFFC29E81C7C525A004D590C /* UIWindow+Helper.h */,
				EFFC29E91C7C525A004D590C /* UIWindow+Helper.m */,
				EFFC29E21C7C50A2004D590C /* UITextField+Helper.h */,
				EFFC29E31C7C50A2004D590C /* UITextField+Helper.m */,
				EFFC29E51C7C5223004D590C /* NSAttributedString+Helper.h */,
				EFFC29E61C7C5223004D590C /* NSAttributedString+Helper.m */,
				EF7A919F1C7EE652009A0407 /* UISegmentedControl+Helper.h */,
				EF7A91A01C7EE652009A0407 /* UISegmentedControl+Helper.m */,
			);
			name = Category;
			sourceTree = "<group>";
		};
		EFFC29EB1C7C52D5004D590C /* Validater */ = {
			isa = PBXGroup;
			children = (
				EFFC29EC1C7C52EE004D590C /* FDValidater.h */,
				EFFC29ED1C7C52EE004D590C /* FDValidater.m */,
			);
			name = Validater;
			sourceTree = "<group>";
		};
		EFFC29EF1C7C530E004D590C /* Coding */ = {
			isa = PBXGroup;
			children = (
				EFFC29F01C7C5319004D590C /* FDCoding.h */,
				EFFC29F11C7C5319004D590C /* FDCoding.m */,
			);
			name = Coding;
			sourceTree = "<group>";
		};
		EFFC29F31C7C5340004D590C /* Alert */ = {
			isa = PBXGroup;
			children = (
				EFFC29F41C7C534D004D590C /* FDAlert.h */,
				EFFC29F51C7C534D004D590C /* FDAlert.m */,
			);
			name = Alert;
			sourceTree = "<group>";
		};
		EFFC2A051C7C5D97004D590C /* Features */ = {
			isa = PBXGroup;
			children = (
				EFAAC6E81C7D99F300369344 /* Feeds */,
				EFFC2A061C7C5E2D004D590C /* Login */,
			);
			name = Features;
			sourceTree = "<group>";
		};
		EFFC2A061C7C5E2D004D590C /* Login */ = {
			isa = PBXGroup;
			children = (
				EFFC2A071C7C5E4C004D590C /* FDWelcomeViewController.h */,
				EFFC2A081C7C5E4C004D590C /* FDWelcomeViewController.m */,
			);
			name = Login;
			sourceTree = "<group>";
		};
		EFFC2A0D1C7C78D9004D590C /* Marcos */ = {
			isa = PBXGroup;
			children = (
				EFFC29B81C7AE8FF004D590C /* Marcos.h */,
				EFFC29A61C7A0717004D590C /* ColorSheet.h */,
				EFFC29B91C7AE923004D590C /* LayoutSheet.h */,
				EFFC29BE1C7AF3B0004D590C /* Notifications.h */,
				EFFC29BD1C7AEE17004D590C /* KeyValueSheet.h */,
				EFFC29CF1C7B079A004D590C /* CategorySheet.h */,
				EFFC2A0E1C7C7952004D590C /* ComponentSheet.h */,
			);
			name = Marcos;
			sourceTree = "<group>";
		};
		EFFC2A0F1C7C8160004D590C /* Welcome */ = {
			isa = PBXGroup;
			children = (
				EFAAC6E01C7D981400369344 /* Welcome_Sina@2x.png */,
				EFAAC6E11C7D981400369344 /* Welcome_Sina@3x.png */,
				EFAAC6E21C7D981400369344 /* Welcome_WeChat@2x.png */,
				EFAAC6E31C7D981400369344 /* Welcome_WeChat@3x.png */,
			);
			name = Welcome;
			sourceTree = "<group>";
		};
		EFFC2A101C7C8C58004D590C /* TabBar */ = {
			isa = PBXGroup;
			children = (
				EFFC2A111C7C8C64004D590C /* Tab_Day_Selected@2x.png */,
				EFFC2A121C7C8C64004D590C /* Tab_Day@2x.png */,
				EFFC2A131C7C8C64004D590C /* Tab_Day@3x.png */,
				EFFC2A141C7C8C64004D590C /* Tab_Feeds@2x.png */,
				EFFC2A151C7C8C64004D590C /* Tab_Feeds@3x.png */,
				EFFC2A161C7C8C64004D590C /* Tab_Find@2x.png */,
				EFFC2A171C7C8C64004D590C /* Tab_Find@3x.png */,
				EFFC2A181C7C8C64004D590C /* Tab_Follow_Selected@3x.png */,
				EFFC2A191C7C8C64004D590C /* Tab_Day_Selected@3x.png */,
				EFFC2A1A1C7C8C64004D590C /* Tab_Follow@2x.png */,
				EFFC2A1B1C7C8C64004D590C /* Tab_Follow@3x.png */,
				EFFC2A1C1C7C8C64004D590C /* Tab_Me_Selected@2x.png */,
				EFFC2A1D1C7C8C64004D590C /* Tab_Feeds_Selected@3x.png */,
				EFFC2A1E1C7C8C64004D590C /* Tab_Find_Selected@2x.png */,
				EFFC2A1F1C7C8C64004D590C /* Tab_Feeds_Selected@2x.png */,
				EFFC2A201C7C8C64004D590C /* Tab_Find_Selected@3x.png */,
				EFFC2A211C7C8C64004D590C /* Tab_Follow_Selected@2x.png */,
				EFFC2A221C7C8C64004D590C /* Tab_Me_Selected@3x.png */,
				EFFC2A231C7C8C64004D590C /* Tab_Me@2x.png */,
				EFFC2A241C7C8C64004D590C /* Tab_Me@3x.png */,
			);
			name = TabBar;
			sourceTree = "<group>";
		};
/* End PBXGroup section */

/* Begin PBXNativeTarget section */
		EFFC297B1C79FEC1004D590C /* maruko */ = {
			isa = PBXNativeTarget;
			buildConfigurationList = EFFC29931C79FEC1004D590C /* Build configuration list for PBXNativeTarget "maruko" */;
			buildPhases = (
				FE29E3B8983D3B9330E6037A /* Check Pods Manifest.lock */,
				EFFC29781C79FEC1004D590C /* Sources */,
				EFFC29791C79FEC1004D590C /* Frameworks */,
				EFFC297A1C79FEC1004D590C /* Resources */,
				9F5CD3537EB89BD9D2BC421D /* Copy Pods Resources */,
			);
			buildRules = (
			);
			dependencies = (
			);
			name = maruko;
			productName = maruko;
			productReference = EFFC297C1C79FEC1004D590C /* maruko.app */;
			productType = "com.apple.product-type.application";
		};
/* End PBXNativeTarget section */

/* Begin PBXProject section */
		EFFC29741C79FEC1004D590C /* Project object */ = {
			isa = PBXProject;
			attributes = {
				LastUpgradeCheck = 0720;
				ORGANIZATIONNAME = Shuyu;
				TargetAttributes = {
					EFFC297B1C79FEC1004D590C = {
						CreatedOnToolsVersion = 7.2.1;
						DevelopmentTeam = N663V44LK3;
					};
				};
			};
			buildConfigurationList = EFFC29771C79FEC1004D590C /* Build configuration list for PBXProject "maruko" */;
			compatibilityVersion = "Xcode 3.2";
			developmentRegion = English;
			hasScannedForEncodings = 0;
			knownRegions = (
				en,
				Base,
			);
			mainGroup = EFFC29731C79FEC1004D590C;
			productRefGroup = EFFC297D1C79FEC1004D590C /* Products */;
			projectDirPath = "";
			projectRoot = "";
			targets = (
				EFFC297B1C79FEC1004D590C /* maruko */,
			);
		};
/* End PBXProject section */

/* Begin PBXResourcesBuildPhase section */
		EFFC297A1C79FEC1004D590C /* Resources */ = {
			isa = PBXResourcesBuildPhase;
			buildActionMask = 2147483647;
			files = (
				EFFC2A321C7C8C64004D590C /* Tab_Find_Selected@2x.png in Resources */,
				EFFC2A291C7C8C64004D590C /* Tab_Feeds@3x.png in Resources */,
				EFFC2A2B1C7C8C64004D590C /* Tab_Find@3x.png in Resources */,
				EFFC2A331C7C8C64004D590C /* Tab_Feeds_Selected@2x.png in Resources */,
				EFFC298F1C79FEC1004D590C /* LaunchScreen.storyboard in Resources */,
				EFFC2A301C7C8C64004D590C /* Tab_Me_Selected@2x.png in Resources */,
				EFFC2A361C7C8C64004D590C /* Tab_Me_Selected@3x.png in Resources */,
				EFFC2A311C7C8C64004D590C /* Tab_Feeds_Selected@3x.png in Resources */,
				EFFC2A271C7C8C64004D590C /* Tab_Day@3x.png in Resources */,
				EFFC2A281C7C8C64004D590C /* Tab_Feeds@2x.png in Resources */,
				EFFC2A2E1C7C8C64004D590C /* Tab_Follow@2x.png in Resources */,
				EFFC2A381C7C8C64004D590C /* Tab_Me@3x.png in Resources */,
				EFAAC6E71C7D981400369344 /* Welcome_WeChat@3x.png in Resources */,
				EFFC2A2C1C7C8C64004D590C /* Tab_Follow_Selected@3x.png in Resources */,
				EFFC2A261C7C8C64004D590C /* Tab_Day@2x.png in Resources */,
				EFFC2A2A1C7C8C64004D590C /* Tab_Find@2x.png in Resources */,
				EFAAC6E51C7D981400369344 /* Welcome_Sina@3x.png in Resources */,
				EFAAC6DE1C7D8C9F00369344 /* Main_Background@2x.png in Resources */,
				EFAAC6FD1C7DE6EC00369344 /* Feeds_Avatar_Placeholder@3x.png in Resources */,
				EFAAC6E41C7D981400369344 /* Welcome_Sina@2x.png in Resources */,
				EFFC2A251C7C8C64004D590C /* Tab_Day_Selected@2x.png in Resources */,
				EFAAC6FC1C7DE6EC00369344 /* Feeds_Avatar_Placeholder@2x.png in Resources */,
				EFAAC6F21C7D9DB300369344 /* Feeds_Collect@2x.png in Resources */,
				EFAAC6E61C7D981400369344 /* Welcome_WeChat@2x.png in Resources */,
				EFFC29B61C7AE39B004D590C /* api.plist in Resources */,
				EFFC298C1C79FEC1004D590C /* Assets.xcassets in Resources */,
				EFFC298A1C79FEC1004D590C /* Main.storyboard in Resources */,
				EF7A919C1C7EDA4F009A0407 /* Main_Loading@2x.png in Resources */,
				EFFC2A341C7C8C64004D590C /* Tab_Find_Selected@3x.png in Resources */,
				EFFC2A371C7C8C64004D590C /* Tab_Me@2x.png in Resources */,
				EFAAC6DF1C7D8C9F00369344 /* Main_Background@3x.png in Resources */,
				EF7A919D1C7EDA4F009A0407 /* Main_Loading@3x.png in Resources */,
				EFFC2A2D1C7C8C64004D590C /* Tab_Day_Selected@3x.png in Resources */,
				EFFC2A2F1C7C8C64004D590C /* Tab_Follow@3x.png in Resources */,
				EFAAC6F31C7D9DB300369344 /* Feeds_Collect@3x.png in Resources */,
				EFFC2A351C7C8C64004D590C /* Tab_Follow_Selected@2x.png in Resources */,
			);
			runOnlyForDeploymentPostprocessing = 0;
		};
/* End PBXResourcesBuildPhase section */

/* Begin PBXShellScriptBuildPhase section */
		9F5CD3537EB89BD9D2BC421D /* Copy Pods Resources */ = {
			isa = PBXShellScriptBuildPhase;
			buildActionMask = 2147483647;
			files = (
			);
			inputPaths = (
			);
			name = "Copy Pods Resources";
			outputPaths = (
			);
			runOnlyForDeploymentPostprocessing = 0;
			shellPath = /bin/sh;
			shellScript = "\"${SRCROOT}/Pods/Target Support Files/Pods-maruko/Pods-maruko-resources.sh\"\n";
			showEnvVarsInLog = 0;
		};
		FE29E3B8983D3B9330E6037A /* Check Pods Manifest.lock */ = {
			isa = PBXShellScriptBuildPhase;
			buildActionMask = 2147483647;
			files = (
			);
			inputPaths = (
			);
			name = "Check Pods Manifest.lock";
			outputPaths = (
			);
			runOnlyForDeploymentPostprocessing = 0;
			shellPath = /bin/sh;
			shellScript = "diff \"${PODS_ROOT}/../Podfile.lock\" \"${PODS_ROOT}/Manifest.lock\" > /dev/null\nif [[ $? != 0 ]] ; then\n    cat << EOM\nerror: The sandbox is not in sync with the Podfile.lock. Run 'pod install' or update your CocoaPods installation.\nEOM\n    exit 1\nfi\n";
			showEnvVarsInLog = 0;
		};
/* End PBXShellScriptBuildPhase section */

/* Begin PBXSourcesBuildPhase section */
		EFFC29781C79FEC1004D590C /* Sources */ = {
			isa = PBXSourcesBuildPhase;
			buildActionMask = 2147483647;
			files = (
				EFAAC7001C7DE7E900369344 /* FDDateFormatter.m in Sources */,
				EFAAC6F91C7DA2C200369344 /* FDStar.m in Sources */,
				EFFC29A91C7A0888004D590C /* FDNavigationController.m in Sources */,
				EFFC29FC1C7C557D004D590C /* FDTextLabelCell.m in Sources */,
				EFFC29AC1C7A08CD004D590C /* FDBaseViewModel.m in Sources */,
				EFAAC6EB1C7D9A0E00369344 /* FDFeedsViewController.m in Sources */,
				EF7A91991C7ED103009A0407 /* FDFeedsTextCell.m in Sources */,
				EFFC29F91C7C53D2004D590C /* FDBaseCollectionViewController.m in Sources */,
				EFFC29DE1C7C4EC8004D590C /* FDBaseCollectionCell.m in Sources */,
				EFFC29D51C7C4967004D590C /* FDBaseTableViewController.m in Sources */,
				EFFC29A11C7A0482004D590C /* FDBaseViewController.m in Sources */,
				EF7A91961C7ECE8A009A0407 /* FDFeedsViewModel.m in Sources */,
				EFFC29E41C7C50A2004D590C /* UITextField+Helper.m in Sources */,
				EFAAC6EE1C7D9A6300369344 /* FDFeedsCell.m in Sources */,
				EFFC2A0C1C7C785F004D590C /* FDTriangleView.m in Sources */,
				EFFC2A091C7C5E4C004D590C /* FDWelcomeViewController.m in Sources */,
				EFFC29E11C7C503A004D590C /* FDTextFieldCell.m in Sources */,
				EFFC29841C79FEC1004D590C /* AppDelegate.m in Sources */,
				EFFC29A41C7A0540004D590C /* FDBarButtonItem.m in Sources */,
				EFFC29DB1C7C4C26004D590C /* FDBaseModel.m in Sources */,
				EFFC29C91C7B069C004D590C /* FDTabButton.m in Sources */,
				EFAAC6F61C7DA00600369344 /* FDFeed.m in Sources */,
				EFFC29F21C7C5319004D590C /* FDCoding.m in Sources */,
				EFFC29EA1C7C525A004D590C /* UIWindow+Helper.m in Sources */,
				EFFC29D21C7C436B004D590C /* UIView+Helper.m in Sources */,
				EFFC29C11C7AF52F004D590C /* FDAccountService.m in Sources */,
				EFFC29C61C7B04DB004D590C /* FDTabBarController.m in Sources */,
				EFFC29AF1C7A08F2004D590C /* FDBaseCell.m in Sources */,
				EFFC29EE1C7C52EE004D590C /* FDValidater.m in Sources */,
				EFFC29CE1C7B0739004D590C /* UILabel+Helper.m in Sources */,
				EFFC29E71C7C5223004D590C /* NSAttributedString+Helper.m in Sources */,
				EFFC29BC1C7AEC7E004D590C /* FDWebService.m in Sources */,
				EFFC29F61C7C534D004D590C /* FDAlert.m in Sources */,
				EFFC29FF1C7C5617004D590C /* FDBaseStaticCellController.m in Sources */,
				EFFC29B31C7ADD37004D590C /* FDNetworkEngine.m in Sources */,
				EFFC2A021C7C56F3004D590C /* FDButton.m in Sources */,
				EF7A91A11C7EE652009A0407 /* UISegmentedControl+Helper.m in Sources */,
				EFFC29D81C7C4A56004D590C /* FDRefreshHeader.m in Sources */,
				EFFC29811C79FEC1004D590C /* main.m in Sources */,
			);
			runOnlyForDeploymentPostprocessing = 0;
		};
/* End PBXSourcesBuildPhase section */

/* Begin PBXVariantGroup section */
		EFFC29881C79FEC1004D590C /* Main.storyboard */ = {
			isa = PBXVariantGroup;
			children = (
				EFFC29891C79FEC1004D590C /* Base */,
			);
			name = Main.storyboard;
			sourceTree = "<group>";
		};
		EFFC298D1C79FEC1004D590C /* LaunchScreen.storyboard */ = {
			isa = PBXVariantGroup;
			children = (
				EFFC298E1C79FEC1004D590C /* Base */,
			);
			name = LaunchScreen.storyboard;
			sourceTree = "<group>";
		};
/* End PBXVariantGroup section */

/* Begin XCBuildConfiguration section */
		EFFC29911C79FEC1004D590C /* Debug */ = {
			isa = XCBuildConfiguration;
			buildSettings = {
				ALWAYS_SEARCH_USER_PATHS = NO;
				CLANG_CXX_LANGUAGE_STANDARD = "gnu++0x";
				CLANG_CXX_LIBRARY = "libc++";
				CLANG_ENABLE_MODULES = YES;
				CLANG_ENABLE_OBJC_ARC = YES;
				CLANG_WARN_BOOL_CONVERSION = YES;
				CLANG_WARN_CONSTANT_CONVERSION = YES;
				CLANG_WARN_DIRECT_OBJC_ISA_USAGE = YES_ERROR;
				CLANG_WARN_EMPTY_BODY = YES;
				CLANG_WARN_ENUM_CONVERSION = YES;
				CLANG_WARN_INT_CONVERSION = YES;
				CLANG_WARN_OBJC_ROOT_CLASS = YES_ERROR;
				CLANG_WARN_UNREACHABLE_CODE = YES;
				CLANG_WARN__DUPLICATE_METHOD_MATCH = YES;
				"CODE_SIGN_IDENTITY[sdk=iphoneos*]" = "iPhone Developer";
				COPY_PHASE_STRIP = NO;
				DEBUG_INFORMATION_FORMAT = dwarf;
				ENABLE_STRICT_OBJC_MSGSEND = YES;
				ENABLE_TESTABILITY = YES;
				GCC_C_LANGUAGE_STANDARD = gnu99;
				GCC_DYNAMIC_NO_PIC = NO;
				GCC_NO_COMMON_BLOCKS = YES;
				GCC_OPTIMIZATION_LEVEL = 0;
				GCC_PREPROCESSOR_DEFINITIONS = (
					"DEBUG=1",
					"$(inherited)",
				);
				GCC_WARN_64_TO_32_BIT_CONVERSION = YES;
				GCC_WARN_ABOUT_RETURN_TYPE = YES_ERROR;
				GCC_WARN_UNDECLARED_SELECTOR = YES;
				GCC_WARN_UNINITIALIZED_AUTOS = YES_AGGRESSIVE;
				GCC_WARN_UNUSED_FUNCTION = YES;
				GCC_WARN_UNUSED_VARIABLE = YES;
				IPHONEOS_DEPLOYMENT_TARGET = 9.2;
				MTL_ENABLE_DEBUG_INFO = YES;
				ONLY_ACTIVE_ARCH = YES;
				SDKROOT = iphoneos;
			};
			name = Debug;
		};
		EFFC29921C79FEC1004D590C /* Release */ = {
			isa = XCBuildConfiguration;
			buildSettings = {
				ALWAYS_SEARCH_USER_PATHS = NO;
				CLANG_CXX_LANGUAGE_STANDARD = "gnu++0x";
				CLANG_CXX_LIBRARY = "libc++";
				CLANG_ENABLE_MODULES = YES;
				CLANG_ENABLE_OBJC_ARC = YES;
				CLANG_WARN_BOOL_CONVERSION = YES;
				CLANG_WARN_CONSTANT_CONVERSION = YES;
				CLANG_WARN_DIRECT_OBJC_ISA_USAGE = YES_ERROR;
				CLANG_WARN_EMPTY_BODY = YES;
				CLANG_WARN_ENUM_CONVERSION = YES;
				CLANG_WARN_INT_CONVERSION = YES;
				CLANG_WARN_OBJC_ROOT_CLASS = YES_ERROR;
				CLANG_WARN_UNREACHABLE_CODE = YES;
				CLANG_WARN__DUPLICATE_METHOD_MATCH = YES;
				"CODE_SIGN_IDENTITY[sdk=iphoneos*]" = "iPhone Developer";
				COPY_PHASE_STRIP = NO;
				DEBUG_INFORMATION_FORMAT = "dwarf-with-dsym";
				ENABLE_NS_ASSERTIONS = NO;
				ENABLE_STRICT_OBJC_MSGSEND = YES;
				GCC_C_LANGUAGE_STANDARD = gnu99;
				GCC_NO_COMMON_BLOCKS = YES;
				GCC_WARN_64_TO_32_BIT_CONVERSION = YES;
				GCC_WARN_ABOUT_RETURN_TYPE = YES_ERROR;
				GCC_WARN_UNDECLARED_SELECTOR = YES;
				GCC_WARN_UNINITIALIZED_AUTOS = YES_AGGRESSIVE;
				GCC_WARN_UNUSED_FUNCTION = YES;
				GCC_WARN_UNUSED_VARIABLE = YES;
				IPHONEOS_DEPLOYMENT_TARGET = 9.2;
				MTL_ENABLE_DEBUG_INFO = NO;
				SDKROOT = iphoneos;
				VALIDATE_PRODUCT = YES;
			};
			name = Release;
		};
		EFFC29941C79FEC1004D590C /* Debug */ = {
			isa = XCBuildConfiguration;
			baseConfigurationReference = 6F0F877780EC1E182FBB67DE /* Pods-maruko.debug.xcconfig */;
			buildSettings = {
				ASSETCATALOG_COMPILER_APPICON_NAME = AppIcon;
				CODE_SIGN_IDENTITY = "iPhone Developer";
				INFOPLIST_FILE = maruko/Info.plist;
				IPHONEOS_DEPLOYMENT_TARGET = 8.0;
				LD_RUNPATH_SEARCH_PATHS = "$(inherited) @executable_path/Frameworks";
				PRODUCT_BUNDLE_IDENTIFIER = com.Shuyu.maruko;
				PRODUCT_NAME = "$(TARGET_NAME)";
			};
			name = Debug;
		};
		EFFC29951C79FEC1004D590C /* Release */ = {
			isa = XCBuildConfiguration;
			baseConfigurationReference = AC95B59801ECEDC0D4903A61 /* Pods-maruko.release.xcconfig */;
			buildSettings = {
				ASSETCATALOG_COMPILER_APPICON_NAME = AppIcon;
				CODE_SIGN_IDENTITY = "iPhone Developer";
				INFOPLIST_FILE = maruko/Info.plist;
				IPHONEOS_DEPLOYMENT_TARGET = 8.0;
				LD_RUNPATH_SEARCH_PATHS = "$(inherited) @executable_path/Frameworks";
				PRODUCT_BUNDLE_IDENTIFIER = com.Shuyu.maruko;
				PRODUCT_NAME = "$(TARGET_NAME)";
			};
			name = Release;
		};
/* End XCBuildConfiguration section */

/* Begin XCConfigurationList section */
		EFFC29771C79FEC1004D590C /* Build configuration list for PBXProject "maruko" */ = {
			isa = XCConfigurationList;
			buildConfigurations = (
				EFFC29911C79FEC1004D590C /* Debug */,
				EFFC29921C79FEC1004D590C /* Release */,
			);
			defaultConfigurationIsVisible = 0;
			defaultConfigurationName = Release;
		};
		EFFC29931C79FEC1004D590C /* Build configuration list for PBXNativeTarget "maruko" */ = {
			isa = XCConfigurationList;
			buildConfigurations = (
				EFFC29941C79FEC1004D590C /* Debug */,
				EFFC29951C79FEC1004D590C /* Release */,
			);
			defaultConfigurationIsVisible = 0;
			defaultConfigurationName = Release;
		};
/* End XCConfigurationList section */
	};
	rootObject = EFFC29741C79FEC1004D590C /* Project object */;
}
